
Microsoft Visual Studio Solution File, Format Version 12.00
# Visual Studio 14
VisualStudioVersion = 14.0.25420.1
MinimumVisualStudioVersion = 10.0.40219.1
Project("{FAE04EC0-301F-11D3-BF4B-00C04F79EFBC}") = "Ej1", "Ej1\Ej1.csproj", "{2F0CFC93-C2C9-42FC-AEC5-73E04FBB1BF9}"
EndProject
Project("{FAE04EC0-301F-11D3-BF4B-00C04F79EFBC}") = "Ej2", "Ej2\Ej2.csproj", "{E8BFC98C-0347-4EDE-826A-A72AD4C475F2}"
EndProject
Project("{FAE04EC0-301F-11D3-BF4B-00C04F79EFBC}") = "Ej3", "Ej3\Ej3.csproj", "{004C95E1-EA16-4290-B5AE-810B1F58FC0F}"
EndProject
Project("{FAE04EC0-301F-11D3-BF4B-00C04F79EFBC}") = "Ej4", "Ej4\Ej4.csproj", "{F87A965D-502A-4193-A30A-086E40CD1468}"
EndProject
Project("{FAE04EC0-301F-11D3-BF4B-00C04F79EFBC}") = "Ej5", "Ej5\Ej5.csproj", "{BDAC4D08-1BE1-435B-89CA-0BC1C1374BA8}"
EndProject
Project("{FAE04EC0-301F-11D3-BF4B-00C04F79EFBC}") = "Ej6", "Ej6\Ej6.csproj", "{C2D0E2BD-A646-41CF-B15B-F50A8838A100}"
EndProject
Project("{FAE04EC0-301F-11D3-BF4B-00C04F79EFBC}") = "Ej7", "Ej7\Ej7.csproj", "{7B9B79F4-A07D-4A90-A123-6F3D5ED72448}"
EndProject
Project("{FAE04EC0-301F-11D3-BF4B-00C04F79EFBC}") = "Ej8", "Ej8\Ej8.csproj", "{241B4EB7-D0EA-433B-AAE4-E7582B6DE92F}"
EndProject
Project("{FAE04EC0-301F-11D3-BF4B-00C04F79EFBC}") = "Ej9", "Ej9\Ej9.csproj", "{8C5CDB3A-6717-44ED-BDD3-AEB144B60C82}"
EndProject
Project("{FAE04EC0-301F-11D3-BF4B-00C04F79EFBC}") = "Ej10", "Ej10\Ej10.csproj", "{07732EC7-28C9-4817-990F-87F56AF74206}"
EndProject
Project("{FAE04EC0-301F-11D3-BF4B-00C04F79EFBC}") = "Ej14", "Ej13\Ej14.csproj", "{79878BCA-A3D7-4C6C-A843-88C6A17E9A7F}"
EndProject
Project("{FAE04EC0-301F-11D3-BF4B-00C04F79EFBC}") = "Ej12", "Ej12\Ej12.csproj", "{50312D8D-9B67-48E6-94BC-75F545000433}"
EndProject
Project("{FAE04EC0-301F-11D3-BF4B-00C04F79EFBC}") = "Ej15", "Ej15\Ej15.csproj", "{34502CA3-84D5-460E-A553-9D2E6CF8E2AD}"
EndProject
Project("{FAE04EC0-301F-11D3-BF4B-00C04F79EFBC}") = "Ej11", "Ej11\Ej11.csproj", "{5BB3A80E-2772-4A40-A340-2F253481AE7E}"
EndProject
Project("{FAE04EC0-301F-11D3-BF4B-00C04F79EFBC}") = "Ej16", "Ej16\Ej16.csproj", "{6EBBD9D2-A970-4D87-83C6-16E21A8B040F}"
EndProject
Project("{FAE04EC0-301F-11D3-BF4B-00C04F79EFBC}") = "Ej13", "Ejj13\Ej13.csproj", "{C53CFB6F-4FC7-4BCC-9193-FD0717C44691}"
EndProject
Global
	GlobalSection(SolutionConfigurationPlatforms) = preSolution
		Debug|Any CPU = Debug|Any CPU
		Release|Any CPU = Release|Any CPU
	EndGlobalSection
	GlobalSection(ProjectConfigurationPlatforms) = postSolution
		{2F0CFC93-C2C9-42FC-AEC5-73E04FBB1BF9}.Debug|Any CPU.ActiveCfg = Debug|Any CPU
		{2F0CFC93-C2C9-42FC-AEC5-73E04FBB1BF9}.Debug|Any CPU.Build.0 = Debug|Any CPU
		{2F0CFC93-C2C9-42FC-AEC5-73E04FBB1BF9}.Release|Any CPU.ActiveCfg = Release|Any CPU
		{2F0CFC93-C2C9-42FC-AEC5-73E04FBB1BF9}.Release|Any CPU.Build.0 = Release|Any CPU
		{E8BFC98C-0347-4EDE-826A-A72AD4C475F2}.Debug|Any CPU.ActiveCfg = Debug|Any CPU
		{E8BFC98C-0347-4EDE-826A-A72AD4C475F2}.Debug|Any CPU.Build.0 = Debug|Any CPU
		{E8BFC98C-0347-4EDE-826A-A72AD4C475F2}.Release|Any CPU.ActiveCfg = Release|Any CPU
		{E8BFC98C-0347-4EDE-826A-A72AD4C475F2}.Release|Any CPU.Build.0 = Release|Any CPU
		{004C95E1-EA16-4290-B5AE-810B1F58FC0F}.Debug|Any CPU.ActiveCfg = Debug|Any CPU
		{004C95E1-EA16-4290-B5AE-810B1F58FC0F}.Debug|Any CPU.Build.0 = Debug|Any CPU
		{004C95E1-EA16-4290-B5AE-810B1F58FC0F}.Release|Any CPU.ActiveCfg = Release|Any CPU
		{004C95E1-EA16-4290-B5AE-810B1F58FC0F}.Release|Any CPU.Build.0 = Release|Any CPU
		{F87A965D-502A-4193-A30A-086E40CD1468}.Debug|Any CPU.ActiveCfg = Debug|Any CPU
		{F87A965D-502A-4193-A30A-086E40CD1468}.Debug|Any CPU.Build.0 = Debug|Any CPU
		{F87A965D-502A-4193-A30A-086E40CD1468}.Release|Any CPU.ActiveCfg = Release|Any CPU
		{F87A965D-502A-4193-A30A-086E40CD1468}.Release|Any CPU.Build.0 = Release|Any CPU
		{BDAC4D08-1BE1-435B-89CA-0BC1C1374BA8}.Debug|Any CPU.ActiveCfg = Debug|Any CPU
		{BDAC4D08-1BE1-435B-89CA-0BC1C1374BA8}.Debug|Any CPU.Build.0 = Debug|Any CPU
		{BDAC4D08-1BE1-435B-89CA-0BC1C1374BA8}.Release|Any CPU.ActiveCfg = Release|Any CPU
		{BDAC4D08-1BE1-435B-89CA-0BC1C1374BA8}.Release|Any CPU.Build.0 = Release|Any CPU
		{C2D0E2BD-A646-41CF-B15B-F50A8838A100}.Debug|Any CPU.ActiveCfg = Debug|Any CPU
		{C2D0E2BD-A646-41CF-B15B-F50A8838A100}.Debug|Any CPU.Build.0 = Debug|Any CPU
		{C2D0E2BD-A646-41CF-B15B-F50A8838A100}.Release|Any CPU.ActiveCfg = Release|Any CPU
		{C2D0E2BD-A646-41CF-B15B-F50A8838A100}.Release|Any CPU.Build.0 = Release|Any CPU
		{7B9B79F4-A07D-4A90-A123-6F3D5ED72448}.Debug|Any CPU.ActiveCfg = Debug|Any CPU
		{7B9B79F4-A07D-4A90-A123-6F3D5ED72448}.Debug|Any CPU.Build.0 = Debug|Any CPU
		{7B9B79F4-A07D-4A90-A123-6F3D5ED72448}.Release|Any CPU.ActiveCfg = Release|Any CPU
		{7B9B79F4-A07D-4A90-A123-6F3D5ED72448}.Release|Any CPU.Build.0 = Release|Any CPU
		{241B4EB7-D0EA-433B-AAE4-E7582B6DE92F}.Debug|Any CPU.ActiveCfg = Debug|Any CPU
		{241B4EB7-D0EA-433B-AAE4-E7582B6DE92F}.Debug|Any CPU.Build.0 = Debug|Any CPU
		{241B4EB7-D0EA-433B-AAE4-E7582B6DE92F}.Release|Any CPU.ActiveCfg = Release|Any CPU
		{241B4EB7-D0EA-433B-AAE4-E7582B6DE92F}.Release|Any CPU.Build.0 = Release|Any CPU
		{8C5CDB3A-6717-44ED-BDD3-AEB144B60C82}.Debug|Any CPU.ActiveCfg = Debug|Any CPU
		{8C5CDB3A-6717-44ED-BDD3-AEB144B60C82}.Debug|Any CPU.Build.0 = Debug|Any CPU
		{8C5CDB3A-6717-44ED-BDD3-AEB144B60C82}.Release|Any CPU.ActiveCfg = Release|Any CPU
		{8C5CDB3A-6717-44ED-BDD3-AEB144B60C82}.Release|Any CPU.Build.0 = Release|Any CPU
		{07732EC7-28C9-4817-990F-87F56AF74206}.Debug|Any CPU.ActiveCfg = Debug|Any CPU
		{07732EC7-28C9-4817-990F-87F56AF74206}.Debug|Any CPU.Build.0 = Debug|Any CPU
		{07732EC7-28C9-4817-990F-87F56AF74206}.Release|Any CPU.ActiveCfg = Release|Any CPU
		{07732EC7-28C9-4817-990F-87F56AF74206}.Release|Any CPU.Build.0 = Release|Any CPU
		{79878BCA-A3D7-4C6C-A843-88C6A17E9A7F}.Debug|Any CPU.ActiveCfg = Debug|Any CPU
		{79878BCA-A3D7-4C6C-A843-88C6A17E9A7F}.Debug|Any CPU.Build.0 = Debug|Any CPU
		{79878BCA-A3D7-4C6C-A843-88C6A17E9A7F}.Release|Any CPU.ActiveCfg = Release|Any CPU
		{79878BCA-A3D7-4C6C-A843-88C6A17E9A7F}.Release|Any CPU.Build.0 = Release|Any CPU
		{50312D8D-9B67-48E6-94BC-75F545000433}.Debug|Any CPU.ActiveCfg = Debug|Any CPU
		{50312D8D-9B67-48E6-94BC-75F545000433}.Debug|Any CPU.Build.0 = Debug|Any CPU
		{50312D8D-9B67-48E6-94BC-75F545000433}.Release|Any CPU.ActiveCfg = Release|Any CPU
		{50312D8D-9B67-48E6-94BC-75F545000433}.Release|Any CPU.Build.0 = Release|Any CPU
		{34502CA3-84D5-460E-A553-9D2E6CF8E2AD}.Debug|Any CPU.ActiveCfg = Debug|Any CPU
		{34502CA3-84D5-460E-A553-9D2E6CF8E2AD}.Debug|Any CPU.Build.0 = Debug|Any CPU
		{34502CA3-84D5-460E-A553-9D2E6CF8E2AD}.Release|Any CPU.ActiveCfg = Release|Any CPU
		{34502CA3-84D5-460E-A553-9D2E6CF8E2AD}.Release|Any CPU.Build.0 = Release|Any CPU
		{5BB3A80E-2772-4A40-A340-2F253481AE7E}.Debug|Any CPU.ActiveCfg = Debug|Any CPU
		{5BB3A80E-2772-4A40-A340-2F253481AE7E}.Debug|Any CPU.Build.0 = Debug|Any CPU
		{5BB3A80E-2772-4A40-A340-2F253481AE7E}.Release|Any CPU.ActiveCfg = Release|Any CPU
		{5BB3A80E-2772-4A40-A340-2F253481AE7E}.Release|Any CPU.Build.0 = Release|Any CPU
		{6EBBD9D2-A970-4D87-83C6-16E21A8B040F}.Debug|Any CPU.ActiveCfg = Debug|Any CPU
		{6EBBD9D2-A970-4D87-83C6-16E21A8B040F}.Debug|Any CPU.Build.0 = Debug|Any CPU
		{6EBBD9D2-A970-4D87-83C6-16E21A8B040F}.Release|Any CPU.ActiveCfg = Release|Any CPU
		{6EBBD9D2-A970-4D87-83C6-16E21A8B040F}.Release|Any CPU.Build.0 = Release|Any CPU
		{C53CFB6F-4FC7-4BCC-9193-FD0717C44691}.Debug|Any CPU.ActiveCfg = Debug|Any CPU
		{C53CFB6F-4FC7-4BCC-9193-FD0717C44691}.Debug|Any CPU.Build.0 = Debug|Any CPU
		{C53CFB6F-4FC7-4BCC-9193-FD0717C44691}.Release|Any CPU.ActiveCfg = Release|Any CPU
		{C53CFB6F-4FC7-4BCC-9193-FD0717C44691}.Release|Any CPU.Build.0 = Release|Any CPU
	EndGlobalSection
	GlobalSection(SolutionProperties) = preSolution
		HideSolutionNode = FALSE
	EndGlobalSection
EndGlobal
