
Microsoft Visual Studio Solution File, Format Version 12.00
# Visual Studio 14
VisualStudioVersion = 14.0.25420.1
MinimumVisualStudioVersion = 10.0.40219.1
Project("{FAE04EC0-301F-11D3-BF4B-00C04F79EFBC}") = "Ej1", "TP3\Ej1.csproj", "{876982C3-288E-47F1-8FA7-1D2DA4543445}"
EndProject
Project("{FAE04EC0-301F-11D3-BF4B-00C04F79EFBC}") = "Ej2", "Ej2\Ej2.csproj", "{1AB477DC-FFC7-4F79-B49C-CD97D31C0AF8}"
EndProject
Project("{FAE04EC0-301F-11D3-BF4B-00C04F79EFBC}") = "Ej3", "Ej3\Ej3.csproj", "{8D43A61E-BBEC-4273-8330-5529B5FA6B69}"
EndProject
Project("{FAE04EC0-301F-11D3-BF4B-00C04F79EFBC}") = "Ej4", "Ej4\Ej4.csproj", "{A059BF36-06B9-4E8B-9594-EA0A4A44598F}"
EndProject
Project("{FAE04EC0-301F-11D3-BF4B-00C04F79EFBC}") = "Test_Ej3", "Ej 3\Test_Ej3.csproj", "{24BA89DF-F12B-4B98-8D7F-C0B5BFC434D9}"
EndProject
Global
	GlobalSection(SolutionConfigurationPlatforms) = preSolution
		Debug|Any CPU = Debug|Any CPU
		Release|Any CPU = Release|Any CPU
	EndGlobalSection
	GlobalSection(ProjectConfigurationPlatforms) = postSolution
		{876982C3-288E-47F1-8FA7-1D2DA4543445}.Debug|Any CPU.ActiveCfg = Debug|Any CPU
		{876982C3-288E-47F1-8FA7-1D2DA4543445}.Debug|Any CPU.Build.0 = Debug|Any CPU
		{876982C3-288E-47F1-8FA7-1D2DA4543445}.Release|Any CPU.ActiveCfg = Release|Any CPU
		{876982C3-288E-47F1-8FA7-1D2DA4543445}.Release|Any CPU.Build.0 = Release|Any CPU
		{1AB477DC-FFC7-4F79-B49C-CD97D31C0AF8}.Debug|Any CPU.ActiveCfg = Debug|Any CPU
		{1AB477DC-FFC7-4F79-B49C-CD97D31C0AF8}.Debug|Any CPU.Build.0 = Debug|Any CPU
		{1AB477DC-FFC7-4F79-B49C-CD97D31C0AF8}.Release|Any CPU.ActiveCfg = Release|Any CPU
		{1AB477DC-FFC7-4F79-B49C-CD97D31C0AF8}.Release|Any CPU.Build.0 = Release|Any CPU
		{8D43A61E-BBEC-4273-8330-5529B5FA6B69}.Debug|Any CPU.ActiveCfg = Debug|Any CPU
		{8D43A61E-BBEC-4273-8330-5529B5FA6B69}.Debug|Any CPU.Build.0 = Debug|Any CPU
		{8D43A61E-BBEC-4273-8330-5529B5FA6B69}.Release|Any CPU.ActiveCfg = Release|Any CPU
		{8D43A61E-BBEC-4273-8330-5529B5FA6B69}.Release|Any CPU.Build.0 = Release|Any CPU
		{A059BF36-06B9-4E8B-9594-EA0A4A44598F}.Debug|Any CPU.ActiveCfg = Debug|Any CPU
		{A059BF36-06B9-4E8B-9594-EA0A4A44598F}.Debug|Any CPU.Build.0 = Debug|Any CPU
		{A059BF36-06B9-4E8B-9594-EA0A4A44598F}.Release|Any CPU.ActiveCfg = Release|Any CPU
		{A059BF36-06B9-4E8B-9594-EA0A4A44598F}.Release|Any CPU.Build.0 = Release|Any CPU
		{24BA89DF-F12B-4B98-8D7F-C0B5BFC434D9}.Debug|Any CPU.ActiveCfg = Debug|Any CPU
		{24BA89DF-F12B-4B98-8D7F-C0B5BFC434D9}.Debug|Any CPU.Build.0 = Debug|Any CPU
		{24BA89DF-F12B-4B98-8D7F-C0B5BFC434D9}.Release|Any CPU.ActiveCfg = Release|Any CPU
		{24BA89DF-F12B-4B98-8D7F-C0B5BFC434D9}.Release|Any CPU.Build.0 = Release|Any CPU
	EndGlobalSection
	GlobalSection(SolutionProperties) = preSolution
		HideSolutionNode = FALSE
	EndGlobalSection
EndGlobal
