
Microsoft Visual Studio Solution File, Format Version 12.00
# Visual Studio 14
VisualStudioVersion = 14.0.25420.1
MinimumVisualStudioVersion = 10.0.40219.1
Project("{FAE04EC0-301F-11D3-BF4B-00C04F79EFBC}") = "Ej3", "Ej3\Ej3.csproj", "{E4692D12-3EBD-41B7-BBE9-F9BC8722258E}"
EndProject
Project("{FAE04EC0-301F-11D3-BF4B-00C04F79EFBC}") = "Ej1", "Ej1\Ej1.csproj", "{7769B500-5983-45BD-9FDD-AC5DF1205DB4}"
EndProject
Project("{FAE04EC0-301F-11D3-BF4B-00C04F79EFBC}") = "Ej2", "Ej2\Ej2.csproj", "{648AD92F-F318-4626-B7D4-547A13F43FC1}"
EndProject
Project("{FAE04EC0-301F-11D3-BF4B-00C04F79EFBC}") = "Ej4", "Ej4\Ej4.csproj", "{1B001047-EF98-4F70-8B0E-A0B4BBA00617}"
EndProject
Project("{FAE04EC0-301F-11D3-BF4B-00C04F79EFBC}") = "Ej5", "Ej5\Ej5.csproj", "{46226DBA-AD24-476E-90A3-7E1B7C531801}"
EndProject
Global
	GlobalSection(SolutionConfigurationPlatforms) = preSolution
		Debug|Any CPU = Debug|Any CPU
		Release|Any CPU = Release|Any CPU
	EndGlobalSection
	GlobalSection(ProjectConfigurationPlatforms) = postSolution
		{E4692D12-3EBD-41B7-BBE9-F9BC8722258E}.Debug|Any CPU.ActiveCfg = Debug|Any CPU
		{E4692D12-3EBD-41B7-BBE9-F9BC8722258E}.Debug|Any CPU.Build.0 = Debug|Any CPU
		{E4692D12-3EBD-41B7-BBE9-F9BC8722258E}.Release|Any CPU.ActiveCfg = Release|Any CPU
		{E4692D12-3EBD-41B7-BBE9-F9BC8722258E}.Release|Any CPU.Build.0 = Release|Any CPU
		{7769B500-5983-45BD-9FDD-AC5DF1205DB4}.Debug|Any CPU.ActiveCfg = Debug|Any CPU
		{7769B500-5983-45BD-9FDD-AC5DF1205DB4}.Debug|Any CPU.Build.0 = Debug|Any CPU
		{7769B500-5983-45BD-9FDD-AC5DF1205DB4}.Release|Any CPU.ActiveCfg = Release|Any CPU
		{7769B500-5983-45BD-9FDD-AC5DF1205DB4}.Release|Any CPU.Build.0 = Release|Any CPU
		{648AD92F-F318-4626-B7D4-547A13F43FC1}.Debug|Any CPU.ActiveCfg = Debug|Any CPU
		{648AD92F-F318-4626-B7D4-547A13F43FC1}.Debug|Any CPU.Build.0 = Debug|Any CPU
		{648AD92F-F318-4626-B7D4-547A13F43FC1}.Release|Any CPU.ActiveCfg = Release|Any CPU
		{648AD92F-F318-4626-B7D4-547A13F43FC1}.Release|Any CPU.Build.0 = Release|Any CPU
		{1B001047-EF98-4F70-8B0E-A0B4BBA00617}.Debug|Any CPU.ActiveCfg = Debug|Any CPU
		{1B001047-EF98-4F70-8B0E-A0B4BBA00617}.Debug|Any CPU.Build.0 = Debug|Any CPU
		{1B001047-EF98-4F70-8B0E-A0B4BBA00617}.Release|Any CPU.ActiveCfg = Release|Any CPU
		{1B001047-EF98-4F70-8B0E-A0B4BBA00617}.Release|Any CPU.Build.0 = Release|Any CPU
		{46226DBA-AD24-476E-90A3-7E1B7C531801}.Debug|Any CPU.ActiveCfg = Debug|Any CPU
		{46226DBA-AD24-476E-90A3-7E1B7C531801}.Debug|Any CPU.Build.0 = Debug|Any CPU
		{46226DBA-AD24-476E-90A3-7E1B7C531801}.Release|Any CPU.ActiveCfg = Release|Any CPU
		{46226DBA-AD24-476E-90A3-7E1B7C531801}.Release|Any CPU.Build.0 = Release|Any CPU
	EndGlobalSection
	GlobalSection(SolutionProperties) = preSolution
		HideSolutionNode = FALSE
	EndGlobalSection
EndGlobal
