
Microsoft Visual Studio Solution File, Format Version 12.00
# Visual Studio 14
VisualStudioVersion = 14.0.25420.1
MinimumVisualStudioVersion = 10.0.40219.1
Project("{FAE04EC0-301F-11D3-BF4B-00C04F79EFBC}") = "Test_EJ2", "Test_EJ2\Test_EJ2.csproj", "{40121595-3144-46A8-8830-6689CB2C551E}"
EndProject
Project("{FAE04EC0-301F-11D3-BF4B-00C04F79EFBC}") = "Ej5", "Ej5\Ej5.csproj", "{9D8A1B9E-B988-432D-9B58-D310F6A33360}"
EndProject
Project("{FAE04EC0-301F-11D3-BF4B-00C04F79EFBC}") = "Ej7", "Ej7\Ej7.csproj", "{1D3A4A8D-E241-435A-9F06-877A0E61C863}"
EndProject
Project("{FAE04EC0-301F-11D3-BF4B-00C04F79EFBC}") = "Ej3", "Ej3\Ej3.csproj", "{CC967595-0D16-4306-AF36-C0AFC6875606}"
EndProject
Project("{FAE04EC0-301F-11D3-BF4B-00C04F79EFBC}") = "Ej4", "Ej4\Ej4.csproj", "{09D85360-B6E0-4382-9683-E6F58B598820}"
EndProject
Project("{FAE04EC0-301F-11D3-BF4B-00C04F79EFBC}") = "Ej1", "Ej1\Ej1.csproj", "{0654F13A-9431-455B-9E1D-52DE05AFD8B5}"
EndProject
Project("{FAE04EC0-301F-11D3-BF4B-00C04F79EFBC}") = "Ej2", "Ej2\Ej2.csproj", "{0581725E-A0DD-447A-A73C-DD3FA2133CFA}"
EndProject
Project("{FAE04EC0-301F-11D3-BF4B-00C04F79EFBC}") = "Ej6", "Ej6\Ej6.csproj", "{002639F5-4071-4521-B6F9-0573DBFA5AF4}"
EndProject
Project("{FAE04EC0-301F-11D3-BF4B-00C04F79EFBC}") = "Test_EJ5", "Test_EJ5\Test_EJ5.csproj", "{2B8B423A-6F64-46FB-81B7-4DFCC54AD78C}"
EndProject
Project("{FAE04EC0-301F-11D3-BF4B-00C04F79EFBC}") = "Test_EJ7", "Test_EJ7\Test_EJ7.csproj", "{98559B37-E36F-4319-8A35-446065C99893}"
EndProject
Global
	GlobalSection(SolutionConfigurationPlatforms) = preSolution
		Debug|Any CPU = Debug|Any CPU
		Release|Any CPU = Release|Any CPU
	EndGlobalSection
	GlobalSection(ProjectConfigurationPlatforms) = postSolution
		{40121595-3144-46A8-8830-6689CB2C551E}.Debug|Any CPU.ActiveCfg = Debug|Any CPU
		{40121595-3144-46A8-8830-6689CB2C551E}.Debug|Any CPU.Build.0 = Debug|Any CPU
		{40121595-3144-46A8-8830-6689CB2C551E}.Release|Any CPU.ActiveCfg = Release|Any CPU
		{40121595-3144-46A8-8830-6689CB2C551E}.Release|Any CPU.Build.0 = Release|Any CPU
		{9D8A1B9E-B988-432D-9B58-D310F6A33360}.Debug|Any CPU.ActiveCfg = Debug|Any CPU
		{9D8A1B9E-B988-432D-9B58-D310F6A33360}.Debug|Any CPU.Build.0 = Debug|Any CPU
		{9D8A1B9E-B988-432D-9B58-D310F6A33360}.Release|Any CPU.ActiveCfg = Release|Any CPU
		{9D8A1B9E-B988-432D-9B58-D310F6A33360}.Release|Any CPU.Build.0 = Release|Any CPU
		{1D3A4A8D-E241-435A-9F06-877A0E61C863}.Debug|Any CPU.ActiveCfg = Debug|Any CPU
		{1D3A4A8D-E241-435A-9F06-877A0E61C863}.Debug|Any CPU.Build.0 = Debug|Any CPU
		{1D3A4A8D-E241-435A-9F06-877A0E61C863}.Release|Any CPU.ActiveCfg = Release|Any CPU
		{1D3A4A8D-E241-435A-9F06-877A0E61C863}.Release|Any CPU.Build.0 = Release|Any CPU
		{CC967595-0D16-4306-AF36-C0AFC6875606}.Debug|Any CPU.ActiveCfg = Debug|Any CPU
		{CC967595-0D16-4306-AF36-C0AFC6875606}.Debug|Any CPU.Build.0 = Debug|Any CPU
		{CC967595-0D16-4306-AF36-C0AFC6875606}.Release|Any CPU.ActiveCfg = Release|Any CPU
		{CC967595-0D16-4306-AF36-C0AFC6875606}.Release|Any CPU.Build.0 = Release|Any CPU
		{09D85360-B6E0-4382-9683-E6F58B598820}.Debug|Any CPU.ActiveCfg = Debug|Any CPU
		{09D85360-B6E0-4382-9683-E6F58B598820}.Debug|Any CPU.Build.0 = Debug|Any CPU
		{09D85360-B6E0-4382-9683-E6F58B598820}.Release|Any CPU.ActiveCfg = Release|Any CPU
		{09D85360-B6E0-4382-9683-E6F58B598820}.Release|Any CPU.Build.0 = Release|Any CPU
		{0654F13A-9431-455B-9E1D-52DE05AFD8B5}.Debug|Any CPU.ActiveCfg = Debug|Any CPU
		{0654F13A-9431-455B-9E1D-52DE05AFD8B5}.Debug|Any CPU.Build.0 = Debug|Any CPU
		{0654F13A-9431-455B-9E1D-52DE05AFD8B5}.Release|Any CPU.ActiveCfg = Release|Any CPU
		{0654F13A-9431-455B-9E1D-52DE05AFD8B5}.Release|Any CPU.Build.0 = Release|Any CPU
		{0581725E-A0DD-447A-A73C-DD3FA2133CFA}.Debug|Any CPU.ActiveCfg = Debug|Any CPU
		{0581725E-A0DD-447A-A73C-DD3FA2133CFA}.Debug|Any CPU.Build.0 = Debug|Any CPU
		{0581725E-A0DD-447A-A73C-DD3FA2133CFA}.Release|Any CPU.ActiveCfg = Release|Any CPU
		{0581725E-A0DD-447A-A73C-DD3FA2133CFA}.Release|Any CPU.Build.0 = Release|Any CPU
		{002639F5-4071-4521-B6F9-0573DBFA5AF4}.Debug|Any CPU.ActiveCfg = Debug|Any CPU
		{002639F5-4071-4521-B6F9-0573DBFA5AF4}.Debug|Any CPU.Build.0 = Debug|Any CPU
		{002639F5-4071-4521-B6F9-0573DBFA5AF4}.Release|Any CPU.ActiveCfg = Release|Any CPU
		{002639F5-4071-4521-B6F9-0573DBFA5AF4}.Release|Any CPU.Build.0 = Release|Any CPU
		{2B8B423A-6F64-46FB-81B7-4DFCC54AD78C}.Debug|Any CPU.ActiveCfg = Debug|Any CPU
		{2B8B423A-6F64-46FB-81B7-4DFCC54AD78C}.Debug|Any CPU.Build.0 = Debug|Any CPU
		{2B8B423A-6F64-46FB-81B7-4DFCC54AD78C}.Release|Any CPU.ActiveCfg = Release|Any CPU
		{2B8B423A-6F64-46FB-81B7-4DFCC54AD78C}.Release|Any CPU.Build.0 = Release|Any CPU
		{98559B37-E36F-4319-8A35-446065C99893}.Debug|Any CPU.ActiveCfg = Debug|Any CPU
		{98559B37-E36F-4319-8A35-446065C99893}.Debug|Any CPU.Build.0 = Debug|Any CPU
		{98559B37-E36F-4319-8A35-446065C99893}.Release|Any CPU.ActiveCfg = Release|Any CPU
		{98559B37-E36F-4319-8A35-446065C99893}.Release|Any CPU.Build.0 = Release|Any CPU
	EndGlobalSection
	GlobalSection(SolutionProperties) = preSolution
		HideSolutionNode = FALSE
	EndGlobalSection
EndGlobal
